<?xml version="1.0" encoding="utf-8"?>
<Project ToolsVersion="4.0" xmlns="http://schemas.microsoft.com/developer/msbuild/2003">
  <ItemGroup>
    <Filter Include="Source Files">
      <UniqueIdentifier>{4FC737F1-C7A5-4376-A066-2A32D752A2FF}</UniqueIdentifier>
      <Extensions>cpp;c;cc;cxx;def;odl;idl;hpj;bat;asm;asmx</Extensions>
    </Filter>
    <Filter Include="Header Files">
      <UniqueIdentifier>{93995380-89BD-4b04-88EB-625FBE52EBFB}</UniqueIdentifier>
      <Extensions>h;hh;hpp;hxx;hm;inl;inc;xsd</Extensions>
    </Filter>
    <Filter Include="Resource Files">
      <UniqueIdentifier>{67DA6AB6-F800-4c08-8B7A-83BB121AAD01}</UniqueIdentifier>
      <Extensions>rc;ico;cur;bmp;dlg;rc2;rct;bin;rgs;gif;jpg;jpeg;jpe;resx;tiff;tif;png;wav</Extensions>
    </Filter>
  </ItemGroup>
  <ItemGroup>
    <ClCompile Include="6-1.SIDE.CPP">
      <Filter>Source Files</Filter>
    </ClCompile>
    <ClCompile Include="6-10.INOUT.cpp">
      <Filter>Source Files</Filter>
    </ClCompile>
    <ClCompile Include="6-2.ALIAS.cpp">
      <Filter>Source Files</Filter>
    </ClCompile>
    <ClCompile Include="6-3.DANGLE.cpp">
      <Filter>Source Files</Filter>
    </ClCompile>
    <ClCompile Include="6-4.OVERLOAD.cpp">
      <Filter>Source Files</Filter>
    </ClCompile>
    <ClCompile Include="6-5.ASSIGN.cpp">
      <Filter>Source Files</Filter>
    </ClCompile>
    <ClCompile Include="6-6.CALL.cpp">
      <Filter>Source Files</Filter>
    </ClCompile>
    <ClCompile Include="6-7.SHOWCOPY.cpp">
      <Filter>Source Files</Filter>
    </ClCompile>
    <ClCompile Include="6-8.CHARACTERSTRING.cpp">
      <Filter>Source Files</Filter>
    </ClCompile>
    <ClCompile Include="6-9.STRINGCLASS.cpp">
      <Filter>Source Files</Filter>
    </ClCompile>
    <ClCompile Include="6장-1.FUNCS.cpp">
      <Filter>Source Files</Filter>
    </ClCompile>
    <ClCompile Include="6장-10.string.cpp">
      <Filter>Source Files</Filter>
    </ClCompile>
    <ClCompile Include="6장-12.NOTE.cpp">
      <Filter>Source Files</Filter>
    </ClCompile>
    <ClCompile Include="6장-13.NOTE-USER.cpp">
      <Filter>Source Files</Filter>
    </ClCompile>
    <ClCompile Include="6장-2.CONSTFN.cpp">
      <Filter>Source Files</Filter>
    </ClCompile>
    <ClCompile Include="6장-3.DATE.cpp">
      <Filter>Source Files</Filter>
    </ClCompile>
    <ClCompile Include="6장-3.DATE3.cpp">
      <Filter>Source Files</Filter>
    </ClCompile>
    <ClCompile Include="6장-5.overloading.cpp">
      <Filter>Source Files</Filter>
    </ClCompile>
    <ClCompile Include="6장-7.POINTCLS_main.cpp">
      <Filter>Source Files</Filter>
    </ClCompile>
    <ClCompile Include="6장-8.POINTCLS.cpp">
      <Filter>Source Files</Filter>
    </ClCompile>
    <ClCompile Include="6장-9.BOXER.cpp">
      <Filter>Source Files</Filter>
    </ClCompile>
  </ItemGroup>
  <ItemGroup>
    <ClInclude Include="6장-11.NOTE.h">
      <Filter>Header Files</Filter>
    </ClInclude>
    <ClInclude Include="6장-3.DATE3.h">
      <Filter>Header Files</Filter>
    </ClInclude>
    <ClInclude Include="6장-6.POINTCLS.h">
      <Filter>Header Files</Filter>
    </ClInclude>
    <ClInclude Include="matrix.h">
      <Filter>Header Files</Filter>
    </ClInclude>
  </ItemGroup>
</Project>